
Microsoft Visual Studio Solution File, Format Version 12.00
# Visual Studio Version 16
VisualStudioVersion = 16.0.29001.49
MinimumVisualStudioVersion = 10.0.40219.1
Project("{9A19103F-16F7-4668-BE54-9A1E7A4F7556}") = "Brite.Utility", "Brite.Utility\Brite.Utility.csproj", "{6E94BBF0-86C6-43E0-9B47-595D2E67BC3F}"
EndProject
Project("{9A19103F-16F7-4668-BE54-9A1E7A4F7556}") = "Brite.Micro", "Brite.Micro\Brite.Micro.csproj", "{FCE966C1-0C86-45D6-A42E-B318F10C27CB}"
EndProject
Project("{9A19103F-16F7-4668-BE54-9A1E7A4F7556}") = "Brite.API", "Brite.API\Brite.API.csproj", "{EDDDC9AD-9B12-43DD-9905-4F16306D1F27}"
EndProject
Project("{FAE04EC0-301F-11D3-BF4B-00C04F79EFBC}") = "Brite.Win.Core", "Brite.Win.Core\Brite.Win.Core.csproj", "{A9CC5468-4FED-4258-BEB0-AB2DA1FDB121}"
EndProject
Project("{FAE04EC0-301F-11D3-BF4B-00C04F79EFBC}") = "Brite.Win.Con.FirmwareUpdater", "Brite.Win.Con.FirmwareUpdater\Brite.Win.Con.FirmwareUpdater.csproj", "{758FEC9C-99BC-45B6-9A8F-4BD51CFFB51F}"
EndProject
Project("{FAE04EC0-301F-11D3-BF4B-00C04F79EFBC}") = "Brite.Win.Con.IntelToBinary", "Brite.Win.Con.IntelToBinary\Brite.Win.Con.IntelToBinary.csproj", "{710097B6-FA47-4135-B019-62230264DD4E}"
EndProject
Project("{9A19103F-16F7-4668-BE54-9A1E7A4F7556}") = "Brite", "Brite\Brite.csproj", "{2C90A5EC-8F4F-4C34-8050-32BFCF411919}"
EndProject
Project("{FAE04EC0-301F-11D3-BF4B-00C04F79EFBC}") = "Brite.Win.Sys.Service", "Brite.Win.Sys.Service\Brite.Win.Sys.Service.csproj", "{B4B027A6-1F90-49DF-BAB7-BBF76545DF66}"
EndProject
Project("{FAE04EC0-301F-11D3-BF4B-00C04F79EFBC}") = "Brite.Win.Con.Test", "Brite.Win.Con.Test\Brite.Win.Con.Test.csproj", "{5628CC58-B8FB-4D63-8B52-8B87D1285CD4}"
EndProject
Project("{FAE04EC0-301F-11D3-BF4B-00C04F79EFBC}") = "Brite.Win.App.Plugin", "Brite.Win.App.Plugin\Brite.Win.App.Plugin.csproj", "{79E17503-41D5-4EEB-8612-712B604EEE8B}"
EndProject
Project("{FAE04EC0-301F-11D3-BF4B-00C04F79EFBC}") = "Brite.UWP.Core", "Brite.UWP.Core\Brite.UWP.Core.csproj", "{43AC5A96-B37B-44BF-AAD5-CDC904A26ADD}"
EndProject
Project("{9A19103F-16F7-4668-BE54-9A1E7A4F7556}") = "Brite.UWP.App.Core", "Brite.UWP.App.Core\Brite.UWP.App.Core.csproj", "{D0608FCF-0170-457F-85D9-68BAF6D08803}"
EndProject
Project("{FAE04EC0-301F-11D3-BF4B-00C04F79EFBC}") = "Brite.UWP.App", "Brite.UWP.App\Brite.UWP.App.csproj", "{DA593D91-3536-449B-9F69-7321F5DBF240}"
EndProject
Project("{FAE04EC0-301F-11D3-BF4B-00C04F79EFBC}") = "Brite.Win.App.Daemon", "Brite.Win.App.Daemon\Brite.Win.App.Daemon.csproj", "{7CB3D364-781E-4748-AFF2-F78F04944F8D}"
EndProject
Project("{FAE04EC0-301F-11D3-BF4B-00C04F79EFBC}") = "Brite.UWP.App.Services", "Brite.UWP.App.Services\Brite.UWP.App.Services.csproj", "{3429834D-CA1D-4CFD-A165-4CEE0D91CC54}"
EndProject
Project("{C7167F0D-BC9F-4E6E-AFE1-012C56B48DB5}") = "Brite.App.Package", "Brite.App.Package\Brite.App.Package.wapproj", "{DA46826B-FAFB-437D-9B4C-0FF251395974}"
EndProject
Project("{FAE04EC0-301F-11D3-BF4B-00C04F79EFBC}") = "Brite.Win.App.RPC", "Brite.Win.App.RPC\Brite.Win.App.RPC.csproj", "{1C066087-7464-4181-824A-1C0158FE2B2E}"
EndProject
Project("{FAE04EC0-301F-11D3-BF4B-00C04F79EFBC}") = "Brite.UWP.App.RPC", "Brite.UWP.App.RPC\Brite.UWP.App.RPC.csproj", "{D922A7A3-0C93-4069-8260-8B8593F82459}"
EndProject
Global
	GlobalSection(SolutionConfigurationPlatforms) = preSolution
		Debug|Any CPU = Debug|Any CPU
		Debug|ARM = Debug|ARM
		Debug|ARM64 = Debug|ARM64
		Debug|x64 = Debug|x64
		Debug|x86 = Debug|x86
		Release|Any CPU = Release|Any CPU
		Release|ARM = Release|ARM
		Release|ARM64 = Release|ARM64
		Release|x64 = Release|x64
		Release|x86 = Release|x86
	EndGlobalSection
	GlobalSection(ProjectConfigurationPlatforms) = postSolution
		{6E94BBF0-86C6-43E0-9B47-595D2E67BC3F}.Debug|Any CPU.ActiveCfg = Debug|Any CPU
		{6E94BBF0-86C6-43E0-9B47-595D2E67BC3F}.Debug|Any CPU.Build.0 = Debug|Any CPU
		{6E94BBF0-86C6-43E0-9B47-595D2E67BC3F}.Debug|ARM.ActiveCfg = Debug|Any CPU
		{6E94BBF0-86C6-43E0-9B47-595D2E67BC3F}.Debug|ARM.Build.0 = Debug|Any CPU
		{6E94BBF0-86C6-43E0-9B47-595D2E67BC3F}.Debug|ARM64.ActiveCfg = Debug|Any CPU
		{6E94BBF0-86C6-43E0-9B47-595D2E67BC3F}.Debug|ARM64.Build.0 = Debug|Any CPU
		{6E94BBF0-86C6-43E0-9B47-595D2E67BC3F}.Debug|x64.ActiveCfg = Debug|Any CPU
		{6E94BBF0-86C6-43E0-9B47-595D2E67BC3F}.Debug|x64.Build.0 = Debug|Any CPU
		{6E94BBF0-86C6-43E0-9B47-595D2E67BC3F}.Debug|x86.ActiveCfg = Debug|Any CPU
		{6E94BBF0-86C6-43E0-9B47-595D2E67BC3F}.Debug|x86.Build.0 = Debug|Any CPU
		{6E94BBF0-86C6-43E0-9B47-595D2E67BC3F}.Release|Any CPU.ActiveCfg = Release|Any CPU
		{6E94BBF0-86C6-43E0-9B47-595D2E67BC3F}.Release|Any CPU.Build.0 = Release|Any CPU
		{6E94BBF0-86C6-43E0-9B47-595D2E67BC3F}.Release|ARM.ActiveCfg = Release|Any CPU
		{6E94BBF0-86C6-43E0-9B47-595D2E67BC3F}.Release|ARM.Build.0 = Release|Any CPU
		{6E94BBF0-86C6-43E0-9B47-595D2E67BC3F}.Release|ARM64.ActiveCfg = Release|Any CPU
		{6E94BBF0-86C6-43E0-9B47-595D2E67BC3F}.Release|ARM64.Build.0 = Release|Any CPU
		{6E94BBF0-86C6-43E0-9B47-595D2E67BC3F}.Release|x64.ActiveCfg = Release|Any CPU
		{6E94BBF0-86C6-43E0-9B47-595D2E67BC3F}.Release|x64.Build.0 = Release|Any CPU
		{6E94BBF0-86C6-43E0-9B47-595D2E67BC3F}.Release|x86.ActiveCfg = Release|Any CPU
		{6E94BBF0-86C6-43E0-9B47-595D2E67BC3F}.Release|x86.Build.0 = Release|Any CPU
		{FCE966C1-0C86-45D6-A42E-B318F10C27CB}.Debug|Any CPU.ActiveCfg = Debug|Any CPU
		{FCE966C1-0C86-45D6-A42E-B318F10C27CB}.Debug|Any CPU.Build.0 = Debug|Any CPU
		{FCE966C1-0C86-45D6-A42E-B318F10C27CB}.Debug|ARM.ActiveCfg = Debug|Any CPU
		{FCE966C1-0C86-45D6-A42E-B318F10C27CB}.Debug|ARM.Build.0 = Debug|Any CPU
		{FCE966C1-0C86-45D6-A42E-B318F10C27CB}.Debug|ARM64.ActiveCfg = Debug|Any CPU
		{FCE966C1-0C86-45D6-A42E-B318F10C27CB}.Debug|ARM64.Build.0 = Debug|Any CPU
		{FCE966C1-0C86-45D6-A42E-B318F10C27CB}.Debug|x64.ActiveCfg = Debug|Any CPU
		{FCE966C1-0C86-45D6-A42E-B318F10C27CB}.Debug|x64.Build.0 = Debug|Any CPU
		{FCE966C1-0C86-45D6-A42E-B318F10C27CB}.Debug|x86.ActiveCfg = Debug|Any CPU
		{FCE966C1-0C86-45D6-A42E-B318F10C27CB}.Debug|x86.Build.0 = Debug|Any CPU
		{FCE966C1-0C86-45D6-A42E-B318F10C27CB}.Release|Any CPU.ActiveCfg = Release|Any CPU
		{FCE966C1-0C86-45D6-A42E-B318F10C27CB}.Release|Any CPU.Build.0 = Release|Any CPU
		{FCE966C1-0C86-45D6-A42E-B318F10C27CB}.Release|ARM.ActiveCfg = Release|Any CPU
		{FCE966C1-0C86-45D6-A42E-B318F10C27CB}.Release|ARM.Build.0 = Release|Any CPU
		{FCE966C1-0C86-45D6-A42E-B318F10C27CB}.Release|ARM64.ActiveCfg = Release|Any CPU
		{FCE966C1-0C86-45D6-A42E-B318F10C27CB}.Release|ARM64.Build.0 = Release|Any CPU
		{FCE966C1-0C86-45D6-A42E-B318F10C27CB}.Release|x64.ActiveCfg = Release|Any CPU
		{FCE966C1-0C86-45D6-A42E-B318F10C27CB}.Release|x64.Build.0 = Release|Any CPU
		{FCE966C1-0C86-45D6-A42E-B318F10C27CB}.Release|x86.ActiveCfg = Release|Any CPU
		{FCE966C1-0C86-45D6-A42E-B318F10C27CB}.Release|x86.Build.0 = Release|Any CPU
		{EDDDC9AD-9B12-43DD-9905-4F16306D1F27}.Debug|Any CPU.ActiveCfg = Debug|Any CPU
		{EDDDC9AD-9B12-43DD-9905-4F16306D1F27}.Debug|Any CPU.Build.0 = Debug|Any CPU
		{EDDDC9AD-9B12-43DD-9905-4F16306D1F27}.Debug|ARM.ActiveCfg = Debug|Any CPU
		{EDDDC9AD-9B12-43DD-9905-4F16306D1F27}.Debug|ARM.Build.0 = Debug|Any CPU
		{EDDDC9AD-9B12-43DD-9905-4F16306D1F27}.Debug|ARM64.ActiveCfg = Debug|Any CPU
		{EDDDC9AD-9B12-43DD-9905-4F16306D1F27}.Debug|ARM64.Build.0 = Debug|Any CPU
		{EDDDC9AD-9B12-43DD-9905-4F16306D1F27}.Debug|x64.ActiveCfg = Debug|Any CPU
		{EDDDC9AD-9B12-43DD-9905-4F16306D1F27}.Debug|x64.Build.0 = Debug|Any CPU
		{EDDDC9AD-9B12-43DD-9905-4F16306D1F27}.Debug|x86.ActiveCfg = Debug|Any CPU
		{EDDDC9AD-9B12-43DD-9905-4F16306D1F27}.Debug|x86.Build.0 = Debug|Any CPU
		{EDDDC9AD-9B12-43DD-9905-4F16306D1F27}.Release|Any CPU.ActiveCfg = Release|Any CPU
		{EDDDC9AD-9B12-43DD-9905-4F16306D1F27}.Release|Any CPU.Build.0 = Release|Any CPU
		{EDDDC9AD-9B12-43DD-9905-4F16306D1F27}.Release|ARM.ActiveCfg = Release|Any CPU
		{EDDDC9AD-9B12-43DD-9905-4F16306D1F27}.Release|ARM.Build.0 = Release|Any CPU
		{EDDDC9AD-9B12-43DD-9905-4F16306D1F27}.Release|ARM64.ActiveCfg = Release|Any CPU
		{EDDDC9AD-9B12-43DD-9905-4F16306D1F27}.Release|ARM64.Build.0 = Release|Any CPU
		{EDDDC9AD-9B12-43DD-9905-4F16306D1F27}.Release|x64.ActiveCfg = Release|Any CPU
		{EDDDC9AD-9B12-43DD-9905-4F16306D1F27}.Release|x64.Build.0 = Release|Any CPU
		{EDDDC9AD-9B12-43DD-9905-4F16306D1F27}.Release|x86.ActiveCfg = Release|Any CPU
		{EDDDC9AD-9B12-43DD-9905-4F16306D1F27}.Release|x86.Build.0 = Release|Any CPU
		{A9CC5468-4FED-4258-BEB0-AB2DA1FDB121}.Debug|Any CPU.ActiveCfg = Debug|Any CPU
		{A9CC5468-4FED-4258-BEB0-AB2DA1FDB121}.Debug|Any CPU.Build.0 = Debug|Any CPU
		{A9CC5468-4FED-4258-BEB0-AB2DA1FDB121}.Debug|ARM.ActiveCfg = Debug|Any CPU
		{A9CC5468-4FED-4258-BEB0-AB2DA1FDB121}.Debug|ARM.Build.0 = Debug|Any CPU
		{A9CC5468-4FED-4258-BEB0-AB2DA1FDB121}.Debug|ARM64.ActiveCfg = Debug|Any CPU
		{A9CC5468-4FED-4258-BEB0-AB2DA1FDB121}.Debug|ARM64.Build.0 = Debug|Any CPU
		{A9CC5468-4FED-4258-BEB0-AB2DA1FDB121}.Debug|x64.ActiveCfg = Debug|Any CPU
		{A9CC5468-4FED-4258-BEB0-AB2DA1FDB121}.Debug|x64.Build.0 = Debug|Any CPU
		{A9CC5468-4FED-4258-BEB0-AB2DA1FDB121}.Debug|x86.ActiveCfg = Debug|Any CPU
		{A9CC5468-4FED-4258-BEB0-AB2DA1FDB121}.Debug|x86.Build.0 = Debug|Any CPU
		{A9CC5468-4FED-4258-BEB0-AB2DA1FDB121}.Release|Any CPU.ActiveCfg = Release|Any CPU
		{A9CC5468-4FED-4258-BEB0-AB2DA1FDB121}.Release|Any CPU.Build.0 = Release|Any CPU
		{A9CC5468-4FED-4258-BEB0-AB2DA1FDB121}.Release|ARM.ActiveCfg = Release|Any CPU
		{A9CC5468-4FED-4258-BEB0-AB2DA1FDB121}.Release|ARM.Build.0 = Release|Any CPU
		{A9CC5468-4FED-4258-BEB0-AB2DA1FDB121}.Release|ARM64.ActiveCfg = Release|Any CPU
		{A9CC5468-4FED-4258-BEB0-AB2DA1FDB121}.Release|ARM64.Build.0 = Release|Any CPU
		{A9CC5468-4FED-4258-BEB0-AB2DA1FDB121}.Release|x64.ActiveCfg = Release|Any CPU
		{A9CC5468-4FED-4258-BEB0-AB2DA1FDB121}.Release|x64.Build.0 = Release|Any CPU
		{A9CC5468-4FED-4258-BEB0-AB2DA1FDB121}.Release|x86.ActiveCfg = Release|Any CPU
		{A9CC5468-4FED-4258-BEB0-AB2DA1FDB121}.Release|x86.Build.0 = Release|Any CPU
		{758FEC9C-99BC-45B6-9A8F-4BD51CFFB51F}.Debug|Any CPU.ActiveCfg = Debug|Any CPU
		{758FEC9C-99BC-45B6-9A8F-4BD51CFFB51F}.Debug|Any CPU.Build.0 = Debug|Any CPU
		{758FEC9C-99BC-45B6-9A8F-4BD51CFFB51F}.Debug|ARM.ActiveCfg = Debug|Any CPU
		{758FEC9C-99BC-45B6-9A8F-4BD51CFFB51F}.Debug|ARM.Build.0 = Debug|Any CPU
		{758FEC9C-99BC-45B6-9A8F-4BD51CFFB51F}.Debug|ARM64.ActiveCfg = Debug|Any CPU
		{758FEC9C-99BC-45B6-9A8F-4BD51CFFB51F}.Debug|ARM64.Build.0 = Debug|Any CPU
		{758FEC9C-99BC-45B6-9A8F-4BD51CFFB51F}.Debug|x64.ActiveCfg = Debug|Any CPU
		{758FEC9C-99BC-45B6-9A8F-4BD51CFFB51F}.Debug|x64.Build.0 = Debug|Any CPU
		{758FEC9C-99BC-45B6-9A8F-4BD51CFFB51F}.Debug|x86.ActiveCfg = Debug|Any CPU
		{758FEC9C-99BC-45B6-9A8F-4BD51CFFB51F}.Debug|x86.Build.0 = Debug|Any CPU
		{758FEC9C-99BC-45B6-9A8F-4BD51CFFB51F}.Release|Any CPU.ActiveCfg = Release|Any CPU
		{758FEC9C-99BC-45B6-9A8F-4BD51CFFB51F}.Release|Any CPU.Build.0 = Release|Any CPU
		{758FEC9C-99BC-45B6-9A8F-4BD51CFFB51F}.Release|ARM.ActiveCfg = Release|Any CPU
		{758FEC9C-99BC-45B6-9A8F-4BD51CFFB51F}.Release|ARM.Build.0 = Release|Any CPU
		{758FEC9C-99BC-45B6-9A8F-4BD51CFFB51F}.Release|ARM64.ActiveCfg = Release|Any CPU
		{758FEC9C-99BC-45B6-9A8F-4BD51CFFB51F}.Release|ARM64.Build.0 = Release|Any CPU
		{758FEC9C-99BC-45B6-9A8F-4BD51CFFB51F}.Release|x64.ActiveCfg = Release|Any CPU
		{758FEC9C-99BC-45B6-9A8F-4BD51CFFB51F}.Release|x64.Build.0 = Release|Any CPU
		{758FEC9C-99BC-45B6-9A8F-4BD51CFFB51F}.Release|x86.ActiveCfg = Release|Any CPU
		{758FEC9C-99BC-45B6-9A8F-4BD51CFFB51F}.Release|x86.Build.0 = Release|Any CPU
		{710097B6-FA47-4135-B019-62230264DD4E}.Debug|Any CPU.ActiveCfg = Debug|Any CPU
		{710097B6-FA47-4135-B019-62230264DD4E}.Debug|Any CPU.Build.0 = Debug|Any CPU
		{710097B6-FA47-4135-B019-62230264DD4E}.Debug|ARM.ActiveCfg = Debug|Any CPU
		{710097B6-FA47-4135-B019-62230264DD4E}.Debug|ARM.Build.0 = Debug|Any CPU
		{710097B6-FA47-4135-B019-62230264DD4E}.Debug|ARM64.ActiveCfg = Debug|Any CPU
		{710097B6-FA47-4135-B019-62230264DD4E}.Debug|ARM64.Build.0 = Debug|Any CPU
		{710097B6-FA47-4135-B019-62230264DD4E}.Debug|x64.ActiveCfg = Debug|Any CPU
		{710097B6-FA47-4135-B019-62230264DD4E}.Debug|x64.Build.0 = Debug|Any CPU
		{710097B6-FA47-4135-B019-62230264DD4E}.Debug|x86.ActiveCfg = Debug|Any CPU
		{710097B6-FA47-4135-B019-62230264DD4E}.Debug|x86.Build.0 = Debug|Any CPU
		{710097B6-FA47-4135-B019-62230264DD4E}.Release|Any CPU.ActiveCfg = Release|Any CPU
		{710097B6-FA47-4135-B019-62230264DD4E}.Release|Any CPU.Build.0 = Release|Any CPU
		{710097B6-FA47-4135-B019-62230264DD4E}.Release|ARM.ActiveCfg = Release|Any CPU
		{710097B6-FA47-4135-B019-62230264DD4E}.Release|ARM.Build.0 = Release|Any CPU
		{710097B6-FA47-4135-B019-62230264DD4E}.Release|ARM64.ActiveCfg = Release|Any CPU
		{710097B6-FA47-4135-B019-62230264DD4E}.Release|ARM64.Build.0 = Release|Any CPU
		{710097B6-FA47-4135-B019-62230264DD4E}.Release|x64.ActiveCfg = Release|Any CPU
		{710097B6-FA47-4135-B019-62230264DD4E}.Release|x64.Build.0 = Release|Any CPU
		{710097B6-FA47-4135-B019-62230264DD4E}.Release|x86.ActiveCfg = Release|Any CPU
		{710097B6-FA47-4135-B019-62230264DD4E}.Release|x86.Build.0 = Release|Any CPU
		{2C90A5EC-8F4F-4C34-8050-32BFCF411919}.Debug|Any CPU.ActiveCfg = Debug|Any CPU
		{2C90A5EC-8F4F-4C34-8050-32BFCF411919}.Debug|Any CPU.Build.0 = Debug|Any CPU
		{2C90A5EC-8F4F-4C34-8050-32BFCF411919}.Debug|ARM.ActiveCfg = Debug|Any CPU
		{2C90A5EC-8F4F-4C34-8050-32BFCF411919}.Debug|ARM.Build.0 = Debug|Any CPU
		{2C90A5EC-8F4F-4C34-8050-32BFCF411919}.Debug|ARM64.ActiveCfg = Debug|Any CPU
		{2C90A5EC-8F4F-4C34-8050-32BFCF411919}.Debug|ARM64.Build.0 = Debug|Any CPU
		{2C90A5EC-8F4F-4C34-8050-32BFCF411919}.Debug|x64.ActiveCfg = Debug|Any CPU
		{2C90A5EC-8F4F-4C34-8050-32BFCF411919}.Debug|x64.Build.0 = Debug|Any CPU
		{2C90A5EC-8F4F-4C34-8050-32BFCF411919}.Debug|x86.ActiveCfg = Debug|Any CPU
		{2C90A5EC-8F4F-4C34-8050-32BFCF411919}.Debug|x86.Build.0 = Debug|Any CPU
		{2C90A5EC-8F4F-4C34-8050-32BFCF411919}.Release|Any CPU.ActiveCfg = Release|Any CPU
		{2C90A5EC-8F4F-4C34-8050-32BFCF411919}.Release|Any CPU.Build.0 = Release|Any CPU
		{2C90A5EC-8F4F-4C34-8050-32BFCF411919}.Release|ARM.ActiveCfg = Release|Any CPU
		{2C90A5EC-8F4F-4C34-8050-32BFCF411919}.Release|ARM.Build.0 = Release|Any CPU
		{2C90A5EC-8F4F-4C34-8050-32BFCF411919}.Release|ARM64.ActiveCfg = Release|Any CPU
		{2C90A5EC-8F4F-4C34-8050-32BFCF411919}.Release|ARM64.Build.0 = Release|Any CPU
		{2C90A5EC-8F4F-4C34-8050-32BFCF411919}.Release|x64.ActiveCfg = Release|Any CPU
		{2C90A5EC-8F4F-4C34-8050-32BFCF411919}.Release|x64.Build.0 = Release|Any CPU
		{2C90A5EC-8F4F-4C34-8050-32BFCF411919}.Release|x86.ActiveCfg = Release|Any CPU
		{2C90A5EC-8F4F-4C34-8050-32BFCF411919}.Release|x86.Build.0 = Release|Any CPU
		{B4B027A6-1F90-49DF-BAB7-BBF76545DF66}.Debug|Any CPU.ActiveCfg = Debug|Any CPU
		{B4B027A6-1F90-49DF-BAB7-BBF76545DF66}.Debug|Any CPU.Build.0 = Debug|Any CPU
		{B4B027A6-1F90-49DF-BAB7-BBF76545DF66}.Debug|ARM.ActiveCfg = Debug|Any CPU
		{B4B027A6-1F90-49DF-BAB7-BBF76545DF66}.Debug|ARM.Build.0 = Debug|Any CPU
		{B4B027A6-1F90-49DF-BAB7-BBF76545DF66}.Debug|ARM64.ActiveCfg = Debug|Any CPU
		{B4B027A6-1F90-49DF-BAB7-BBF76545DF66}.Debug|ARM64.Build.0 = Debug|Any CPU
		{B4B027A6-1F90-49DF-BAB7-BBF76545DF66}.Debug|x64.ActiveCfg = Debug|Any CPU
		{B4B027A6-1F90-49DF-BAB7-BBF76545DF66}.Debug|x64.Build.0 = Debug|Any CPU
		{B4B027A6-1F90-49DF-BAB7-BBF76545DF66}.Debug|x86.ActiveCfg = Debug|Any CPU
		{B4B027A6-1F90-49DF-BAB7-BBF76545DF66}.Debug|x86.Build.0 = Debug|Any CPU
		{B4B027A6-1F90-49DF-BAB7-BBF76545DF66}.Release|Any CPU.ActiveCfg = Release|Any CPU
		{B4B027A6-1F90-49DF-BAB7-BBF76545DF66}.Release|Any CPU.Build.0 = Release|Any CPU
		{B4B027A6-1F90-49DF-BAB7-BBF76545DF66}.Release|ARM.ActiveCfg = Release|Any CPU
		{B4B027A6-1F90-49DF-BAB7-BBF76545DF66}.Release|ARM.Build.0 = Release|Any CPU
		{B4B027A6-1F90-49DF-BAB7-BBF76545DF66}.Release|ARM64.ActiveCfg = Release|Any CPU
		{B4B027A6-1F90-49DF-BAB7-BBF76545DF66}.Release|ARM64.Build.0 = Release|Any CPU
		{B4B027A6-1F90-49DF-BAB7-BBF76545DF66}.Release|x64.ActiveCfg = Release|Any CPU
		{B4B027A6-1F90-49DF-BAB7-BBF76545DF66}.Release|x64.Build.0 = Release|Any CPU
		{B4B027A6-1F90-49DF-BAB7-BBF76545DF66}.Release|x86.ActiveCfg = Release|Any CPU
		{B4B027A6-1F90-49DF-BAB7-BBF76545DF66}.Release|x86.Build.0 = Release|Any CPU
		{5628CC58-B8FB-4D63-8B52-8B87D1285CD4}.Debug|Any CPU.ActiveCfg = Debug|Any CPU
		{5628CC58-B8FB-4D63-8B52-8B87D1285CD4}.Debug|Any CPU.Build.0 = Debug|Any CPU
		{5628CC58-B8FB-4D63-8B52-8B87D1285CD4}.Debug|ARM.ActiveCfg = Debug|Any CPU
		{5628CC58-B8FB-4D63-8B52-8B87D1285CD4}.Debug|ARM.Build.0 = Debug|Any CPU
		{5628CC58-B8FB-4D63-8B52-8B87D1285CD4}.Debug|ARM64.ActiveCfg = Debug|Any CPU
		{5628CC58-B8FB-4D63-8B52-8B87D1285CD4}.Debug|ARM64.Build.0 = Debug|Any CPU
		{5628CC58-B8FB-4D63-8B52-8B87D1285CD4}.Debug|x64.ActiveCfg = Debug|Any CPU
		{5628CC58-B8FB-4D63-8B52-8B87D1285CD4}.Debug|x64.Build.0 = Debug|Any CPU
		{5628CC58-B8FB-4D63-8B52-8B87D1285CD4}.Debug|x86.ActiveCfg = Debug|Any CPU
		{5628CC58-B8FB-4D63-8B52-8B87D1285CD4}.Debug|x86.Build.0 = Debug|Any CPU
		{5628CC58-B8FB-4D63-8B52-8B87D1285CD4}.Release|Any CPU.ActiveCfg = Release|Any CPU
		{5628CC58-B8FB-4D63-8B52-8B87D1285CD4}.Release|Any CPU.Build.0 = Release|Any CPU
		{5628CC58-B8FB-4D63-8B52-8B87D1285CD4}.Release|ARM.ActiveCfg = Release|Any CPU
		{5628CC58-B8FB-4D63-8B52-8B87D1285CD4}.Release|ARM.Build.0 = Release|Any CPU
		{5628CC58-B8FB-4D63-8B52-8B87D1285CD4}.Release|ARM64.ActiveCfg = Release|Any CPU
		{5628CC58-B8FB-4D63-8B52-8B87D1285CD4}.Release|ARM64.Build.0 = Release|Any CPU
		{5628CC58-B8FB-4D63-8B52-8B87D1285CD4}.Release|x64.ActiveCfg = Release|Any CPU
		{5628CC58-B8FB-4D63-8B52-8B87D1285CD4}.Release|x64.Build.0 = Release|Any CPU
		{5628CC58-B8FB-4D63-8B52-8B87D1285CD4}.Release|x86.ActiveCfg = Release|Any CPU
		{5628CC58-B8FB-4D63-8B52-8B87D1285CD4}.Release|x86.Build.0 = Release|Any CPU
		{79E17503-41D5-4EEB-8612-712B604EEE8B}.Debug|Any CPU.ActiveCfg = Debug|Any CPU
		{79E17503-41D5-4EEB-8612-712B604EEE8B}.Debug|Any CPU.Build.0 = Debug|Any CPU
		{79E17503-41D5-4EEB-8612-712B604EEE8B}.Debug|ARM.ActiveCfg = Debug|Any CPU
		{79E17503-41D5-4EEB-8612-712B604EEE8B}.Debug|ARM.Build.0 = Debug|Any CPU
		{79E17503-41D5-4EEB-8612-712B604EEE8B}.Debug|ARM64.ActiveCfg = Debug|Any CPU
		{79E17503-41D5-4EEB-8612-712B604EEE8B}.Debug|ARM64.Build.0 = Debug|Any CPU
		{79E17503-41D5-4EEB-8612-712B604EEE8B}.Debug|x64.ActiveCfg = Debug|Any CPU
		{79E17503-41D5-4EEB-8612-712B604EEE8B}.Debug|x64.Build.0 = Debug|Any CPU
		{79E17503-41D5-4EEB-8612-712B604EEE8B}.Debug|x86.ActiveCfg = Debug|Any CPU
		{79E17503-41D5-4EEB-8612-712B604EEE8B}.Debug|x86.Build.0 = Debug|Any CPU
		{79E17503-41D5-4EEB-8612-712B604EEE8B}.Release|Any CPU.ActiveCfg = Release|Any CPU
		{79E17503-41D5-4EEB-8612-712B604EEE8B}.Release|Any CPU.Build.0 = Release|Any CPU
		{79E17503-41D5-4EEB-8612-712B604EEE8B}.Release|ARM.ActiveCfg = Release|Any CPU
		{79E17503-41D5-4EEB-8612-712B604EEE8B}.Release|ARM.Build.0 = Release|Any CPU
		{79E17503-41D5-4EEB-8612-712B604EEE8B}.Release|ARM64.ActiveCfg = Release|Any CPU
		{79E17503-41D5-4EEB-8612-712B604EEE8B}.Release|ARM64.Build.0 = Release|Any CPU
		{79E17503-41D5-4EEB-8612-712B604EEE8B}.Release|x64.ActiveCfg = Release|Any CPU
		{79E17503-41D5-4EEB-8612-712B604EEE8B}.Release|x64.Build.0 = Release|Any CPU
		{79E17503-41D5-4EEB-8612-712B604EEE8B}.Release|x86.ActiveCfg = Release|Any CPU
		{79E17503-41D5-4EEB-8612-712B604EEE8B}.Release|x86.Build.0 = Release|Any CPU
		{43AC5A96-B37B-44BF-AAD5-CDC904A26ADD}.Debug|Any CPU.ActiveCfg = Debug|Any CPU
		{43AC5A96-B37B-44BF-AAD5-CDC904A26ADD}.Debug|Any CPU.Build.0 = Debug|Any CPU
		{43AC5A96-B37B-44BF-AAD5-CDC904A26ADD}.Debug|ARM.ActiveCfg = Debug|ARM
		{43AC5A96-B37B-44BF-AAD5-CDC904A26ADD}.Debug|ARM.Build.0 = Debug|ARM
		{43AC5A96-B37B-44BF-AAD5-CDC904A26ADD}.Debug|ARM64.ActiveCfg = Debug|Any CPU
		{43AC5A96-B37B-44BF-AAD5-CDC904A26ADD}.Debug|ARM64.Build.0 = Debug|Any CPU
		{43AC5A96-B37B-44BF-AAD5-CDC904A26ADD}.Debug|x64.ActiveCfg = Debug|x64
		{43AC5A96-B37B-44BF-AAD5-CDC904A26ADD}.Debug|x64.Build.0 = Debug|x64
		{43AC5A96-B37B-44BF-AAD5-CDC904A26ADD}.Debug|x86.ActiveCfg = Debug|x86
		{43AC5A96-B37B-44BF-AAD5-CDC904A26ADD}.Debug|x86.Build.0 = Debug|x86
		{43AC5A96-B37B-44BF-AAD5-CDC904A26ADD}.Release|Any CPU.ActiveCfg = Release|Any CPU
		{43AC5A96-B37B-44BF-AAD5-CDC904A26ADD}.Release|Any CPU.Build.0 = Release|Any CPU
		{43AC5A96-B37B-44BF-AAD5-CDC904A26ADD}.Release|ARM.ActiveCfg = Release|ARM
		{43AC5A96-B37B-44BF-AAD5-CDC904A26ADD}.Release|ARM.Build.0 = Release|ARM
		{43AC5A96-B37B-44BF-AAD5-CDC904A26ADD}.Release|ARM64.ActiveCfg = Release|Any CPU
		{43AC5A96-B37B-44BF-AAD5-CDC904A26ADD}.Release|ARM64.Build.0 = Release|Any CPU
		{43AC5A96-B37B-44BF-AAD5-CDC904A26ADD}.Release|x64.ActiveCfg = Release|x64
		{43AC5A96-B37B-44BF-AAD5-CDC904A26ADD}.Release|x64.Build.0 = Release|x64
		{43AC5A96-B37B-44BF-AAD5-CDC904A26ADD}.Release|x86.ActiveCfg = Release|x86
		{43AC5A96-B37B-44BF-AAD5-CDC904A26ADD}.Release|x86.Build.0 = Release|x86
		{D0608FCF-0170-457F-85D9-68BAF6D08803}.Debug|Any CPU.ActiveCfg = Debug|Any CPU
		{D0608FCF-0170-457F-85D9-68BAF6D08803}.Debug|Any CPU.Build.0 = Debug|Any CPU
		{D0608FCF-0170-457F-85D9-68BAF6D08803}.Debug|ARM.ActiveCfg = Debug|Any CPU
		{D0608FCF-0170-457F-85D9-68BAF6D08803}.Debug|ARM.Build.0 = Debug|Any CPU
		{D0608FCF-0170-457F-85D9-68BAF6D08803}.Debug|ARM64.ActiveCfg = Debug|Any CPU
		{D0608FCF-0170-457F-85D9-68BAF6D08803}.Debug|ARM64.Build.0 = Debug|Any CPU
		{D0608FCF-0170-457F-85D9-68BAF6D08803}.Debug|x64.ActiveCfg = Debug|Any CPU
		{D0608FCF-0170-457F-85D9-68BAF6D08803}.Debug|x64.Build.0 = Debug|Any CPU
		{D0608FCF-0170-457F-85D9-68BAF6D08803}.Debug|x86.ActiveCfg = Debug|Any CPU
		{D0608FCF-0170-457F-85D9-68BAF6D08803}.Debug|x86.Build.0 = Debug|Any CPU
		{D0608FCF-0170-457F-85D9-68BAF6D08803}.Release|Any CPU.ActiveCfg = Release|Any CPU
		{D0608FCF-0170-457F-85D9-68BAF6D08803}.Release|Any CPU.Build.0 = Release|Any CPU
		{D0608FCF-0170-457F-85D9-68BAF6D08803}.Release|ARM.ActiveCfg = Release|Any CPU
		{D0608FCF-0170-457F-85D9-68BAF6D08803}.Release|ARM.Build.0 = Release|Any CPU
		{D0608FCF-0170-457F-85D9-68BAF6D08803}.Release|ARM64.ActiveCfg = Release|Any CPU
		{D0608FCF-0170-457F-85D9-68BAF6D08803}.Release|ARM64.Build.0 = Release|Any CPU
		{D0608FCF-0170-457F-85D9-68BAF6D08803}.Release|x64.ActiveCfg = Release|Any CPU
		{D0608FCF-0170-457F-85D9-68BAF6D08803}.Release|x64.Build.0 = Release|Any CPU
		{D0608FCF-0170-457F-85D9-68BAF6D08803}.Release|x86.ActiveCfg = Release|Any CPU
		{D0608FCF-0170-457F-85D9-68BAF6D08803}.Release|x86.Build.0 = Release|Any CPU
		{DA593D91-3536-449B-9F69-7321F5DBF240}.Debug|Any CPU.ActiveCfg = Debug|x86
		{DA593D91-3536-449B-9F69-7321F5DBF240}.Debug|ARM.ActiveCfg = Debug|ARM
		{DA593D91-3536-449B-9F69-7321F5DBF240}.Debug|ARM.Build.0 = Debug|ARM
		{DA593D91-3536-449B-9F69-7321F5DBF240}.Debug|ARM.Deploy.0 = Debug|ARM
		{DA593D91-3536-449B-9F69-7321F5DBF240}.Debug|ARM64.ActiveCfg = Debug|x86
		{DA593D91-3536-449B-9F69-7321F5DBF240}.Debug|x64.ActiveCfg = Debug|x64
		{DA593D91-3536-449B-9F69-7321F5DBF240}.Debug|x64.Build.0 = Debug|x64
		{DA593D91-3536-449B-9F69-7321F5DBF240}.Debug|x64.Deploy.0 = Debug|x64
		{DA593D91-3536-449B-9F69-7321F5DBF240}.Debug|x86.ActiveCfg = Debug|x86
		{DA593D91-3536-449B-9F69-7321F5DBF240}.Debug|x86.Build.0 = Debug|x86
		{DA593D91-3536-449B-9F69-7321F5DBF240}.Debug|x86.Deploy.0 = Debug|x86
		{DA593D91-3536-449B-9F69-7321F5DBF240}.Release|Any CPU.ActiveCfg = Release|x86
		{DA593D91-3536-449B-9F69-7321F5DBF240}.Release|ARM.ActiveCfg = Release|ARM
		{DA593D91-3536-449B-9F69-7321F5DBF240}.Release|ARM.Build.0 = Release|ARM
		{DA593D91-3536-449B-9F69-7321F5DBF240}.Release|ARM.Deploy.0 = Release|ARM
		{DA593D91-3536-449B-9F69-7321F5DBF240}.Release|ARM64.ActiveCfg = Release|x86
		{DA593D91-3536-449B-9F69-7321F5DBF240}.Release|x64.ActiveCfg = Release|x64
		{DA593D91-3536-449B-9F69-7321F5DBF240}.Release|x64.Build.0 = Release|x64
		{DA593D91-3536-449B-9F69-7321F5DBF240}.Release|x64.Deploy.0 = Release|x64
		{DA593D91-3536-449B-9F69-7321F5DBF240}.Release|x86.ActiveCfg = Release|x86
		{DA593D91-3536-449B-9F69-7321F5DBF240}.Release|x86.Build.0 = Release|x86
		{DA593D91-3536-449B-9F69-7321F5DBF240}.Release|x86.Deploy.0 = Release|x86
		{7CB3D364-781E-4748-AFF2-F78F04944F8D}.Debug|Any CPU.ActiveCfg = Debug|Any CPU
		{7CB3D364-781E-4748-AFF2-F78F04944F8D}.Debug|Any CPU.Build.0 = Debug|Any CPU
		{7CB3D364-781E-4748-AFF2-F78F04944F8D}.Debug|ARM.ActiveCfg = Debug|Any CPU
		{7CB3D364-781E-4748-AFF2-F78F04944F8D}.Debug|ARM.Build.0 = Debug|Any CPU
		{7CB3D364-781E-4748-AFF2-F78F04944F8D}.Debug|ARM64.ActiveCfg = Debug|Any CPU
		{7CB3D364-781E-4748-AFF2-F78F04944F8D}.Debug|ARM64.Build.0 = Debug|Any CPU
		{7CB3D364-781E-4748-AFF2-F78F04944F8D}.Debug|x64.ActiveCfg = Debug|Any CPU
		{7CB3D364-781E-4748-AFF2-F78F04944F8D}.Debug|x64.Build.0 = Debug|Any CPU
		{7CB3D364-781E-4748-AFF2-F78F04944F8D}.Debug|x86.ActiveCfg = Debug|Any CPU
		{7CB3D364-781E-4748-AFF2-F78F04944F8D}.Debug|x86.Build.0 = Debug|Any CPU
		{7CB3D364-781E-4748-AFF2-F78F04944F8D}.Release|Any CPU.ActiveCfg = Release|Any CPU
		{7CB3D364-781E-4748-AFF2-F78F04944F8D}.Release|Any CPU.Build.0 = Release|Any CPU
		{7CB3D364-781E-4748-AFF2-F78F04944F8D}.Release|ARM.ActiveCfg = Release|Any CPU
		{7CB3D364-781E-4748-AFF2-F78F04944F8D}.Release|ARM.Build.0 = Release|Any CPU
		{7CB3D364-781E-4748-AFF2-F78F04944F8D}.Release|ARM64.ActiveCfg = Release|Any CPU
		{7CB3D364-781E-4748-AFF2-F78F04944F8D}.Release|ARM64.Build.0 = Release|Any CPU
		{7CB3D364-781E-4748-AFF2-F78F04944F8D}.Release|x64.ActiveCfg = Release|Any CPU
		{7CB3D364-781E-4748-AFF2-F78F04944F8D}.Release|x64.Build.0 = Release|Any CPU
		{7CB3D364-781E-4748-AFF2-F78F04944F8D}.Release|x86.ActiveCfg = Release|Any CPU
		{7CB3D364-781E-4748-AFF2-F78F04944F8D}.Release|x86.Build.0 = Release|Any CPU
		{3429834D-CA1D-4CFD-A165-4CEE0D91CC54}.Debug|Any CPU.ActiveCfg = Debug|Any CPU
		{3429834D-CA1D-4CFD-A165-4CEE0D91CC54}.Debug|Any CPU.Build.0 = Debug|Any CPU
		{3429834D-CA1D-4CFD-A165-4CEE0D91CC54}.Debug|ARM.ActiveCfg = Debug|ARM
		{3429834D-CA1D-4CFD-A165-4CEE0D91CC54}.Debug|ARM.Build.0 = Debug|ARM
		{3429834D-CA1D-4CFD-A165-4CEE0D91CC54}.Debug|ARM64.ActiveCfg = Debug|ARM64
		{3429834D-CA1D-4CFD-A165-4CEE0D91CC54}.Debug|ARM64.Build.0 = Debug|ARM64
		{3429834D-CA1D-4CFD-A165-4CEE0D91CC54}.Debug|x64.ActiveCfg = Debug|x64
		{3429834D-CA1D-4CFD-A165-4CEE0D91CC54}.Debug|x64.Build.0 = Debug|x64
		{3429834D-CA1D-4CFD-A165-4CEE0D91CC54}.Debug|x86.ActiveCfg = Debug|x86
		{3429834D-CA1D-4CFD-A165-4CEE0D91CC54}.Debug|x86.Build.0 = Debug|x86
		{3429834D-CA1D-4CFD-A165-4CEE0D91CC54}.Release|Any CPU.ActiveCfg = Release|Any CPU
		{3429834D-CA1D-4CFD-A165-4CEE0D91CC54}.Release|Any CPU.Build.0 = Release|Any CPU
		{3429834D-CA1D-4CFD-A165-4CEE0D91CC54}.Release|ARM.ActiveCfg = Release|ARM
		{3429834D-CA1D-4CFD-A165-4CEE0D91CC54}.Release|ARM.Build.0 = Release|ARM
		{3429834D-CA1D-4CFD-A165-4CEE0D91CC54}.Release|ARM64.ActiveCfg = Release|ARM64
		{3429834D-CA1D-4CFD-A165-4CEE0D91CC54}.Release|ARM64.Build.0 = Release|ARM64
		{3429834D-CA1D-4CFD-A165-4CEE0D91CC54}.Release|x64.ActiveCfg = Release|x64
		{3429834D-CA1D-4CFD-A165-4CEE0D91CC54}.Release|x64.Build.0 = Release|x64
		{3429834D-CA1D-4CFD-A165-4CEE0D91CC54}.Release|x86.ActiveCfg = Release|x86
		{3429834D-CA1D-4CFD-A165-4CEE0D91CC54}.Release|x86.Build.0 = Release|x86
		{DA46826B-FAFB-437D-9B4C-0FF251395974}.Debug|Any CPU.ActiveCfg = Debug|Any CPU
		{DA46826B-FAFB-437D-9B4C-0FF251395974}.Debug|Any CPU.Build.0 = Debug|Any CPU
		{DA46826B-FAFB-437D-9B4C-0FF251395974}.Debug|Any CPU.Deploy.0 = Debug|Any CPU
		{DA46826B-FAFB-437D-9B4C-0FF251395974}.Debug|ARM.ActiveCfg = Debug|Any CPU
		{DA46826B-FAFB-437D-9B4C-0FF251395974}.Debug|ARM.Build.0 = Debug|Any CPU
		{DA46826B-FAFB-437D-9B4C-0FF251395974}.Debug|ARM.Deploy.0 = Debug|Any CPU
		{DA46826B-FAFB-437D-9B4C-0FF251395974}.Debug|ARM64.ActiveCfg = Debug|Any CPU
		{DA46826B-FAFB-437D-9B4C-0FF251395974}.Debug|ARM64.Build.0 = Debug|Any CPU
		{DA46826B-FAFB-437D-9B4C-0FF251395974}.Debug|ARM64.Deploy.0 = Debug|Any CPU
		{DA46826B-FAFB-437D-9B4C-0FF251395974}.Debug|x64.ActiveCfg = Debug|x64
		{DA46826B-FAFB-437D-9B4C-0FF251395974}.Debug|x64.Build.0 = Debug|x64
		{DA46826B-FAFB-437D-9B4C-0FF251395974}.Debug|x64.Deploy.0 = Debug|x64
		{DA46826B-FAFB-437D-9B4C-0FF251395974}.Debug|x86.ActiveCfg = Debug|x86
		{DA46826B-FAFB-437D-9B4C-0FF251395974}.Debug|x86.Build.0 = Debug|x86
		{DA46826B-FAFB-437D-9B4C-0FF251395974}.Debug|x86.Deploy.0 = Debug|x86
		{DA46826B-FAFB-437D-9B4C-0FF251395974}.Release|Any CPU.ActiveCfg = Release|Any CPU
		{DA46826B-FAFB-437D-9B4C-0FF251395974}.Release|Any CPU.Build.0 = Release|Any CPU
		{DA46826B-FAFB-437D-9B4C-0FF251395974}.Release|Any CPU.Deploy.0 = Release|Any CPU
		{DA46826B-FAFB-437D-9B4C-0FF251395974}.Release|ARM.ActiveCfg = Release|Any CPU
		{DA46826B-FAFB-437D-9B4C-0FF251395974}.Release|ARM.Build.0 = Release|Any CPU
		{DA46826B-FAFB-437D-9B4C-0FF251395974}.Release|ARM.Deploy.0 = Release|Any CPU
		{DA46826B-FAFB-437D-9B4C-0FF251395974}.Release|ARM64.ActiveCfg = Release|Any CPU
		{DA46826B-FAFB-437D-9B4C-0FF251395974}.Release|ARM64.Build.0 = Release|Any CPU
		{DA46826B-FAFB-437D-9B4C-0FF251395974}.Release|ARM64.Deploy.0 = Release|Any CPU
		{DA46826B-FAFB-437D-9B4C-0FF251395974}.Release|x64.ActiveCfg = Release|x64
		{DA46826B-FAFB-437D-9B4C-0FF251395974}.Release|x64.Build.0 = Release|x64
		{DA46826B-FAFB-437D-9B4C-0FF251395974}.Release|x64.Deploy.0 = Release|x64
		{DA46826B-FAFB-437D-9B4C-0FF251395974}.Release|x86.ActiveCfg = Release|x86
		{DA46826B-FAFB-437D-9B4C-0FF251395974}.Release|x86.Build.0 = Release|x86
		{DA46826B-FAFB-437D-9B4C-0FF251395974}.Release|x86.Deploy.0 = Release|x86
		{1C066087-7464-4181-824A-1C0158FE2B2E}.Debug|Any CPU.ActiveCfg = Debug|Any CPU
		{1C066087-7464-4181-824A-1C0158FE2B2E}.Debug|Any CPU.Build.0 = Debug|Any CPU
		{1C066087-7464-4181-824A-1C0158FE2B2E}.Debug|ARM.ActiveCfg = Debug|Any CPU
		{1C066087-7464-4181-824A-1C0158FE2B2E}.Debug|ARM.Build.0 = Debug|Any CPU
		{1C066087-7464-4181-824A-1C0158FE2B2E}.Debug|ARM64.ActiveCfg = Debug|Any CPU
		{1C066087-7464-4181-824A-1C0158FE2B2E}.Debug|ARM64.Build.0 = Debug|Any CPU
		{1C066087-7464-4181-824A-1C0158FE2B2E}.Debug|x64.ActiveCfg = Debug|Any CPU
		{1C066087-7464-4181-824A-1C0158FE2B2E}.Debug|x64.Build.0 = Debug|Any CPU
		{1C066087-7464-4181-824A-1C0158FE2B2E}.Debug|x86.ActiveCfg = Debug|Any CPU
		{1C066087-7464-4181-824A-1C0158FE2B2E}.Debug|x86.Build.0 = Debug|Any CPU
		{1C066087-7464-4181-824A-1C0158FE2B2E}.Release|Any CPU.ActiveCfg = Release|Any CPU
		{1C066087-7464-4181-824A-1C0158FE2B2E}.Release|Any CPU.Build.0 = Release|Any CPU
		{1C066087-7464-4181-824A-1C0158FE2B2E}.Release|ARM.ActiveCfg = Release|Any CPU
		{1C066087-7464-4181-824A-1C0158FE2B2E}.Release|ARM.Build.0 = Release|Any CPU
		{1C066087-7464-4181-824A-1C0158FE2B2E}.Release|ARM64.ActiveCfg = Release|Any CPU
		{1C066087-7464-4181-824A-1C0158FE2B2E}.Release|ARM64.Build.0 = Release|Any CPU
		{1C066087-7464-4181-824A-1C0158FE2B2E}.Release|x64.ActiveCfg = Release|Any CPU
		{1C066087-7464-4181-824A-1C0158FE2B2E}.Release|x64.Build.0 = Release|Any CPU
		{1C066087-7464-4181-824A-1C0158FE2B2E}.Release|x86.ActiveCfg = Release|Any CPU
		{1C066087-7464-4181-824A-1C0158FE2B2E}.Release|x86.Build.0 = Release|Any CPU
		{D922A7A3-0C93-4069-8260-8B8593F82459}.Debug|Any CPU.ActiveCfg = Debug|Any CPU
		{D922A7A3-0C93-4069-8260-8B8593F82459}.Debug|Any CPU.Build.0 = Debug|Any CPU
		{D922A7A3-0C93-4069-8260-8B8593F82459}.Debug|ARM.ActiveCfg = Debug|ARM
		{D922A7A3-0C93-4069-8260-8B8593F82459}.Debug|ARM.Build.0 = Debug|ARM
		{D922A7A3-0C93-4069-8260-8B8593F82459}.Debug|ARM64.ActiveCfg = Debug|ARM64
		{D922A7A3-0C93-4069-8260-8B8593F82459}.Debug|ARM64.Build.0 = Debug|ARM64
		{D922A7A3-0C93-4069-8260-8B8593F82459}.Debug|x64.ActiveCfg = Debug|x64
		{D922A7A3-0C93-4069-8260-8B8593F82459}.Debug|x64.Build.0 = Debug|x64
		{D922A7A3-0C93-4069-8260-8B8593F82459}.Debug|x86.ActiveCfg = Debug|x86
		{D922A7A3-0C93-4069-8260-8B8593F82459}.Debug|x86.Build.0 = Debug|x86
		{D922A7A3-0C93-4069-8260-8B8593F82459}.Release|Any CPU.ActiveCfg = Release|Any CPU
		{D922A7A3-0C93-4069-8260-8B8593F82459}.Release|Any CPU.Build.0 = Release|Any CPU
		{D922A7A3-0C93-4069-8260-8B8593F82459}.Release|ARM.ActiveCfg = Release|ARM
		{D922A7A3-0C93-4069-8260-8B8593F82459}.Release|ARM.Build.0 = Release|ARM
		{D922A7A3-0C93-4069-8260-8B8593F82459}.Release|ARM64.ActiveCfg = Release|ARM64
		{D922A7A3-0C93-4069-8260-8B8593F82459}.Release|ARM64.Build.0 = Release|ARM64
		{D922A7A3-0C93-4069-8260-8B8593F82459}.Release|x64.ActiveCfg = Release|x64
		{D922A7A3-0C93-4069-8260-8B8593F82459}.Release|x64.Build.0 = Release|x64
		{D922A7A3-0C93-4069-8260-8B8593F82459}.Release|x86.ActiveCfg = Release|x86
		{D922A7A3-0C93-4069-8260-8B8593F82459}.Release|x86.Build.0 = Release|x86
	EndGlobalSection
	GlobalSection(SolutionProperties) = preSolution
		HideSolutionNode = FALSE
	EndGlobalSection
	GlobalSection(ExtensibilityGlobals) = postSolution
		SolutionGuid = {12D44AC2-4409-4EDC-8FDA-95FA90270C92}
	EndGlobalSection
EndGlobal
