
Microsoft Visual Studio Solution File, Format Version 12.00
# Visual Studio 15
VisualStudioVersion = 15.0.26430.16
MinimumVisualStudioVersion = 10.0.40219.1
Project("{FAE04EC0-301F-11D3-BF4B-00C04F79EFBC}") = "Brite.Device", "Brite.Device\Brite.Device.csproj", "{2C90A5EC-8F4F-4C34-8050-32BFCF411919}"
EndProject
Project("{FAE04EC0-301F-11D3-BF4B-00C04F79EFBC}") = "Brite.Utility", "Brite.Utility\Brite.Utility.csproj", "{6E94BBF0-86C6-43E0-9B47-595D2E67BC3F}"
EndProject
Project("{FAE04EC0-301F-11D3-BF4B-00C04F79EFBC}") = "Brite.UWP.Core", "Brite.UWP.Core\Brite.UWP.Core.csproj", "{43AC5A96-B37B-44BF-AAD5-CDC904A26ADD}"
EndProject
Project("{FAE04EC0-301F-11D3-BF4B-00C04F79EFBC}") = "Brite.Micro", "Brite.Micro\Brite.Micro.csproj", "{FCE966C1-0C86-45D6-A42E-B318F10C27CB}"
EndProject
Project("{FAE04EC0-301F-11D3-BF4B-00C04F79EFBC}") = "Brite.Daemon", "Brite.Daemon\Brite.Daemon.csproj", "{EDDDC9AD-9B12-43DD-9905-4F16306D1F27}"
EndProject
Project("{FAE04EC0-301F-11D3-BF4B-00C04F79EFBC}") = "Brite.Win.Core", "Brite.Win.Core\Brite.Win.Core.csproj", "{A9CC5468-4FED-4258-BEB0-AB2DA1FDB121}"
EndProject
Project("{FAE04EC0-301F-11D3-BF4B-00C04F79EFBC}") = "Brite.Win.Con.FirmwareUpdater", "Brite.Win.Con.FirmwareUpdater\Brite.Win.Con.FirmwareUpdater.csproj", "{758FEC9C-99BC-45B6-9A8F-4BD51CFFB51F}"
EndProject
Project("{FAE04EC0-301F-11D3-BF4B-00C04F79EFBC}") = "Brite.Win.Con.IntelToBinary", "Brite.Win.Con.IntelToBinary\Brite.Win.Con.IntelToBinary.csproj", "{710097B6-FA47-4135-B019-62230264DD4E}"
EndProject
Project("{FAE04EC0-301F-11D3-BF4B-00C04F79EFBC}") = "Brite.Win.Con.Daemon", "Brite.Win.Con.Daemon\Brite.Win.Con.Daemon.csproj", "{4341D86A-CFA6-428B-A069-B6110BC424CA}"
EndProject
Global
	GlobalSection(SolutionConfigurationPlatforms) = preSolution
		Debug|Any CPU = Debug|Any CPU
		Debug|ARM = Debug|ARM
		Debug|x64 = Debug|x64
		Debug|x86 = Debug|x86
		Release|Any CPU = Release|Any CPU
		Release|ARM = Release|ARM
		Release|x64 = Release|x64
		Release|x86 = Release|x86
	EndGlobalSection
	GlobalSection(ProjectConfigurationPlatforms) = postSolution
		{2C90A5EC-8F4F-4C34-8050-32BFCF411919}.Debug|Any CPU.ActiveCfg = Debug|Any CPU
		{2C90A5EC-8F4F-4C34-8050-32BFCF411919}.Debug|Any CPU.Build.0 = Debug|Any CPU
		{2C90A5EC-8F4F-4C34-8050-32BFCF411919}.Debug|ARM.ActiveCfg = Debug|Any CPU
		{2C90A5EC-8F4F-4C34-8050-32BFCF411919}.Debug|ARM.Build.0 = Debug|Any CPU
		{2C90A5EC-8F4F-4C34-8050-32BFCF411919}.Debug|x64.ActiveCfg = Debug|Any CPU
		{2C90A5EC-8F4F-4C34-8050-32BFCF411919}.Debug|x64.Build.0 = Debug|Any CPU
		{2C90A5EC-8F4F-4C34-8050-32BFCF411919}.Debug|x86.ActiveCfg = Debug|Any CPU
		{2C90A5EC-8F4F-4C34-8050-32BFCF411919}.Debug|x86.Build.0 = Debug|Any CPU
		{2C90A5EC-8F4F-4C34-8050-32BFCF411919}.Release|Any CPU.ActiveCfg = Release|Any CPU
		{2C90A5EC-8F4F-4C34-8050-32BFCF411919}.Release|Any CPU.Build.0 = Release|Any CPU
		{2C90A5EC-8F4F-4C34-8050-32BFCF411919}.Release|ARM.ActiveCfg = Release|Any CPU
		{2C90A5EC-8F4F-4C34-8050-32BFCF411919}.Release|ARM.Build.0 = Release|Any CPU
		{2C90A5EC-8F4F-4C34-8050-32BFCF411919}.Release|x64.ActiveCfg = Release|Any CPU
		{2C90A5EC-8F4F-4C34-8050-32BFCF411919}.Release|x64.Build.0 = Release|Any CPU
		{2C90A5EC-8F4F-4C34-8050-32BFCF411919}.Release|x86.ActiveCfg = Release|Any CPU
		{2C90A5EC-8F4F-4C34-8050-32BFCF411919}.Release|x86.Build.0 = Release|Any CPU
		{6E94BBF0-86C6-43E0-9B47-595D2E67BC3F}.Debug|Any CPU.ActiveCfg = Debug|Any CPU
		{6E94BBF0-86C6-43E0-9B47-595D2E67BC3F}.Debug|Any CPU.Build.0 = Debug|Any CPU
		{6E94BBF0-86C6-43E0-9B47-595D2E67BC3F}.Debug|ARM.ActiveCfg = Debug|Any CPU
		{6E94BBF0-86C6-43E0-9B47-595D2E67BC3F}.Debug|ARM.Build.0 = Debug|Any CPU
		{6E94BBF0-86C6-43E0-9B47-595D2E67BC3F}.Debug|x64.ActiveCfg = Debug|Any CPU
		{6E94BBF0-86C6-43E0-9B47-595D2E67BC3F}.Debug|x64.Build.0 = Debug|Any CPU
		{6E94BBF0-86C6-43E0-9B47-595D2E67BC3F}.Debug|x86.ActiveCfg = Debug|Any CPU
		{6E94BBF0-86C6-43E0-9B47-595D2E67BC3F}.Debug|x86.Build.0 = Debug|Any CPU
		{6E94BBF0-86C6-43E0-9B47-595D2E67BC3F}.Release|Any CPU.ActiveCfg = Release|Any CPU
		{6E94BBF0-86C6-43E0-9B47-595D2E67BC3F}.Release|Any CPU.Build.0 = Release|Any CPU
		{6E94BBF0-86C6-43E0-9B47-595D2E67BC3F}.Release|ARM.ActiveCfg = Release|Any CPU
		{6E94BBF0-86C6-43E0-9B47-595D2E67BC3F}.Release|ARM.Build.0 = Release|Any CPU
		{6E94BBF0-86C6-43E0-9B47-595D2E67BC3F}.Release|x64.ActiveCfg = Release|Any CPU
		{6E94BBF0-86C6-43E0-9B47-595D2E67BC3F}.Release|x64.Build.0 = Release|Any CPU
		{6E94BBF0-86C6-43E0-9B47-595D2E67BC3F}.Release|x86.ActiveCfg = Release|Any CPU
		{6E94BBF0-86C6-43E0-9B47-595D2E67BC3F}.Release|x86.Build.0 = Release|Any CPU
		{43AC5A96-B37B-44BF-AAD5-CDC904A26ADD}.Debug|Any CPU.ActiveCfg = Debug|Any CPU
		{43AC5A96-B37B-44BF-AAD5-CDC904A26ADD}.Debug|Any CPU.Build.0 = Debug|Any CPU
		{43AC5A96-B37B-44BF-AAD5-CDC904A26ADD}.Debug|ARM.ActiveCfg = Debug|ARM
		{43AC5A96-B37B-44BF-AAD5-CDC904A26ADD}.Debug|ARM.Build.0 = Debug|ARM
		{43AC5A96-B37B-44BF-AAD5-CDC904A26ADD}.Debug|x64.ActiveCfg = Debug|x64
		{43AC5A96-B37B-44BF-AAD5-CDC904A26ADD}.Debug|x64.Build.0 = Debug|x64
		{43AC5A96-B37B-44BF-AAD5-CDC904A26ADD}.Debug|x86.ActiveCfg = Debug|x86
		{43AC5A96-B37B-44BF-AAD5-CDC904A26ADD}.Debug|x86.Build.0 = Debug|x86
		{43AC5A96-B37B-44BF-AAD5-CDC904A26ADD}.Release|Any CPU.ActiveCfg = Release|Any CPU
		{43AC5A96-B37B-44BF-AAD5-CDC904A26ADD}.Release|Any CPU.Build.0 = Release|Any CPU
		{43AC5A96-B37B-44BF-AAD5-CDC904A26ADD}.Release|ARM.ActiveCfg = Release|ARM
		{43AC5A96-B37B-44BF-AAD5-CDC904A26ADD}.Release|ARM.Build.0 = Release|ARM
		{43AC5A96-B37B-44BF-AAD5-CDC904A26ADD}.Release|x64.ActiveCfg = Release|x64
		{43AC5A96-B37B-44BF-AAD5-CDC904A26ADD}.Release|x64.Build.0 = Release|x64
		{43AC5A96-B37B-44BF-AAD5-CDC904A26ADD}.Release|x86.ActiveCfg = Release|x86
		{43AC5A96-B37B-44BF-AAD5-CDC904A26ADD}.Release|x86.Build.0 = Release|x86
		{FCE966C1-0C86-45D6-A42E-B318F10C27CB}.Debug|Any CPU.ActiveCfg = Debug|Any CPU
		{FCE966C1-0C86-45D6-A42E-B318F10C27CB}.Debug|Any CPU.Build.0 = Debug|Any CPU
		{FCE966C1-0C86-45D6-A42E-B318F10C27CB}.Debug|ARM.ActiveCfg = Debug|Any CPU
		{FCE966C1-0C86-45D6-A42E-B318F10C27CB}.Debug|ARM.Build.0 = Debug|Any CPU
		{FCE966C1-0C86-45D6-A42E-B318F10C27CB}.Debug|x64.ActiveCfg = Debug|Any CPU
		{FCE966C1-0C86-45D6-A42E-B318F10C27CB}.Debug|x64.Build.0 = Debug|Any CPU
		{FCE966C1-0C86-45D6-A42E-B318F10C27CB}.Debug|x86.ActiveCfg = Debug|Any CPU
		{FCE966C1-0C86-45D6-A42E-B318F10C27CB}.Debug|x86.Build.0 = Debug|Any CPU
		{FCE966C1-0C86-45D6-A42E-B318F10C27CB}.Release|Any CPU.ActiveCfg = Release|Any CPU
		{FCE966C1-0C86-45D6-A42E-B318F10C27CB}.Release|Any CPU.Build.0 = Release|Any CPU
		{FCE966C1-0C86-45D6-A42E-B318F10C27CB}.Release|ARM.ActiveCfg = Release|Any CPU
		{FCE966C1-0C86-45D6-A42E-B318F10C27CB}.Release|ARM.Build.0 = Release|Any CPU
		{FCE966C1-0C86-45D6-A42E-B318F10C27CB}.Release|x64.ActiveCfg = Release|Any CPU
		{FCE966C1-0C86-45D6-A42E-B318F10C27CB}.Release|x64.Build.0 = Release|Any CPU
		{FCE966C1-0C86-45D6-A42E-B318F10C27CB}.Release|x86.ActiveCfg = Release|Any CPU
		{FCE966C1-0C86-45D6-A42E-B318F10C27CB}.Release|x86.Build.0 = Release|Any CPU
		{EDDDC9AD-9B12-43DD-9905-4F16306D1F27}.Debug|Any CPU.ActiveCfg = Debug|Any CPU
		{EDDDC9AD-9B12-43DD-9905-4F16306D1F27}.Debug|Any CPU.Build.0 = Debug|Any CPU
		{EDDDC9AD-9B12-43DD-9905-4F16306D1F27}.Debug|ARM.ActiveCfg = Debug|Any CPU
		{EDDDC9AD-9B12-43DD-9905-4F16306D1F27}.Debug|ARM.Build.0 = Debug|Any CPU
		{EDDDC9AD-9B12-43DD-9905-4F16306D1F27}.Debug|x64.ActiveCfg = Debug|Any CPU
		{EDDDC9AD-9B12-43DD-9905-4F16306D1F27}.Debug|x64.Build.0 = Debug|Any CPU
		{EDDDC9AD-9B12-43DD-9905-4F16306D1F27}.Debug|x86.ActiveCfg = Debug|Any CPU
		{EDDDC9AD-9B12-43DD-9905-4F16306D1F27}.Debug|x86.Build.0 = Debug|Any CPU
		{EDDDC9AD-9B12-43DD-9905-4F16306D1F27}.Release|Any CPU.ActiveCfg = Release|Any CPU
		{EDDDC9AD-9B12-43DD-9905-4F16306D1F27}.Release|Any CPU.Build.0 = Release|Any CPU
		{EDDDC9AD-9B12-43DD-9905-4F16306D1F27}.Release|ARM.ActiveCfg = Release|Any CPU
		{EDDDC9AD-9B12-43DD-9905-4F16306D1F27}.Release|ARM.Build.0 = Release|Any CPU
		{EDDDC9AD-9B12-43DD-9905-4F16306D1F27}.Release|x64.ActiveCfg = Release|Any CPU
		{EDDDC9AD-9B12-43DD-9905-4F16306D1F27}.Release|x64.Build.0 = Release|Any CPU
		{EDDDC9AD-9B12-43DD-9905-4F16306D1F27}.Release|x86.ActiveCfg = Release|Any CPU
		{EDDDC9AD-9B12-43DD-9905-4F16306D1F27}.Release|x86.Build.0 = Release|Any CPU
		{A9CC5468-4FED-4258-BEB0-AB2DA1FDB121}.Debug|Any CPU.ActiveCfg = Debug|Any CPU
		{A9CC5468-4FED-4258-BEB0-AB2DA1FDB121}.Debug|Any CPU.Build.0 = Debug|Any CPU
		{A9CC5468-4FED-4258-BEB0-AB2DA1FDB121}.Debug|ARM.ActiveCfg = Debug|Any CPU
		{A9CC5468-4FED-4258-BEB0-AB2DA1FDB121}.Debug|ARM.Build.0 = Debug|Any CPU
		{A9CC5468-4FED-4258-BEB0-AB2DA1FDB121}.Debug|x64.ActiveCfg = Debug|Any CPU
		{A9CC5468-4FED-4258-BEB0-AB2DA1FDB121}.Debug|x64.Build.0 = Debug|Any CPU
		{A9CC5468-4FED-4258-BEB0-AB2DA1FDB121}.Debug|x86.ActiveCfg = Debug|Any CPU
		{A9CC5468-4FED-4258-BEB0-AB2DA1FDB121}.Debug|x86.Build.0 = Debug|Any CPU
		{A9CC5468-4FED-4258-BEB0-AB2DA1FDB121}.Release|Any CPU.ActiveCfg = Release|Any CPU
		{A9CC5468-4FED-4258-BEB0-AB2DA1FDB121}.Release|Any CPU.Build.0 = Release|Any CPU
		{A9CC5468-4FED-4258-BEB0-AB2DA1FDB121}.Release|ARM.ActiveCfg = Release|Any CPU
		{A9CC5468-4FED-4258-BEB0-AB2DA1FDB121}.Release|ARM.Build.0 = Release|Any CPU
		{A9CC5468-4FED-4258-BEB0-AB2DA1FDB121}.Release|x64.ActiveCfg = Release|Any CPU
		{A9CC5468-4FED-4258-BEB0-AB2DA1FDB121}.Release|x64.Build.0 = Release|Any CPU
		{A9CC5468-4FED-4258-BEB0-AB2DA1FDB121}.Release|x86.ActiveCfg = Release|Any CPU
		{A9CC5468-4FED-4258-BEB0-AB2DA1FDB121}.Release|x86.Build.0 = Release|Any CPU
		{758FEC9C-99BC-45B6-9A8F-4BD51CFFB51F}.Debug|Any CPU.ActiveCfg = Debug|Any CPU
		{758FEC9C-99BC-45B6-9A8F-4BD51CFFB51F}.Debug|Any CPU.Build.0 = Debug|Any CPU
		{758FEC9C-99BC-45B6-9A8F-4BD51CFFB51F}.Debug|ARM.ActiveCfg = Debug|Any CPU
		{758FEC9C-99BC-45B6-9A8F-4BD51CFFB51F}.Debug|ARM.Build.0 = Debug|Any CPU
		{758FEC9C-99BC-45B6-9A8F-4BD51CFFB51F}.Debug|x64.ActiveCfg = Debug|Any CPU
		{758FEC9C-99BC-45B6-9A8F-4BD51CFFB51F}.Debug|x64.Build.0 = Debug|Any CPU
		{758FEC9C-99BC-45B6-9A8F-4BD51CFFB51F}.Debug|x86.ActiveCfg = Debug|Any CPU
		{758FEC9C-99BC-45B6-9A8F-4BD51CFFB51F}.Debug|x86.Build.0 = Debug|Any CPU
		{758FEC9C-99BC-45B6-9A8F-4BD51CFFB51F}.Release|Any CPU.ActiveCfg = Release|Any CPU
		{758FEC9C-99BC-45B6-9A8F-4BD51CFFB51F}.Release|Any CPU.Build.0 = Release|Any CPU
		{758FEC9C-99BC-45B6-9A8F-4BD51CFFB51F}.Release|ARM.ActiveCfg = Release|Any CPU
		{758FEC9C-99BC-45B6-9A8F-4BD51CFFB51F}.Release|ARM.Build.0 = Release|Any CPU
		{758FEC9C-99BC-45B6-9A8F-4BD51CFFB51F}.Release|x64.ActiveCfg = Release|Any CPU
		{758FEC9C-99BC-45B6-9A8F-4BD51CFFB51F}.Release|x64.Build.0 = Release|Any CPU
		{758FEC9C-99BC-45B6-9A8F-4BD51CFFB51F}.Release|x86.ActiveCfg = Release|Any CPU
		{758FEC9C-99BC-45B6-9A8F-4BD51CFFB51F}.Release|x86.Build.0 = Release|Any CPU
		{710097B6-FA47-4135-B019-62230264DD4E}.Debug|Any CPU.ActiveCfg = Debug|Any CPU
		{710097B6-FA47-4135-B019-62230264DD4E}.Debug|Any CPU.Build.0 = Debug|Any CPU
		{710097B6-FA47-4135-B019-62230264DD4E}.Debug|ARM.ActiveCfg = Debug|Any CPU
		{710097B6-FA47-4135-B019-62230264DD4E}.Debug|ARM.Build.0 = Debug|Any CPU
		{710097B6-FA47-4135-B019-62230264DD4E}.Debug|x64.ActiveCfg = Debug|Any CPU
		{710097B6-FA47-4135-B019-62230264DD4E}.Debug|x64.Build.0 = Debug|Any CPU
		{710097B6-FA47-4135-B019-62230264DD4E}.Debug|x86.ActiveCfg = Debug|Any CPU
		{710097B6-FA47-4135-B019-62230264DD4E}.Debug|x86.Build.0 = Debug|Any CPU
		{710097B6-FA47-4135-B019-62230264DD4E}.Release|Any CPU.ActiveCfg = Release|Any CPU
		{710097B6-FA47-4135-B019-62230264DD4E}.Release|Any CPU.Build.0 = Release|Any CPU
		{710097B6-FA47-4135-B019-62230264DD4E}.Release|ARM.ActiveCfg = Release|Any CPU
		{710097B6-FA47-4135-B019-62230264DD4E}.Release|ARM.Build.0 = Release|Any CPU
		{710097B6-FA47-4135-B019-62230264DD4E}.Release|x64.ActiveCfg = Release|Any CPU
		{710097B6-FA47-4135-B019-62230264DD4E}.Release|x64.Build.0 = Release|Any CPU
		{710097B6-FA47-4135-B019-62230264DD4E}.Release|x86.ActiveCfg = Release|Any CPU
		{710097B6-FA47-4135-B019-62230264DD4E}.Release|x86.Build.0 = Release|Any CPU
		{4341D86A-CFA6-428B-A069-B6110BC424CA}.Debug|Any CPU.ActiveCfg = Debug|Any CPU
		{4341D86A-CFA6-428B-A069-B6110BC424CA}.Debug|Any CPU.Build.0 = Debug|Any CPU
		{4341D86A-CFA6-428B-A069-B6110BC424CA}.Debug|ARM.ActiveCfg = Debug|Any CPU
		{4341D86A-CFA6-428B-A069-B6110BC424CA}.Debug|ARM.Build.0 = Debug|Any CPU
		{4341D86A-CFA6-428B-A069-B6110BC424CA}.Debug|x64.ActiveCfg = Debug|Any CPU
		{4341D86A-CFA6-428B-A069-B6110BC424CA}.Debug|x64.Build.0 = Debug|Any CPU
		{4341D86A-CFA6-428B-A069-B6110BC424CA}.Debug|x86.ActiveCfg = Debug|Any CPU
		{4341D86A-CFA6-428B-A069-B6110BC424CA}.Debug|x86.Build.0 = Debug|Any CPU
		{4341D86A-CFA6-428B-A069-B6110BC424CA}.Release|Any CPU.ActiveCfg = Release|Any CPU
		{4341D86A-CFA6-428B-A069-B6110BC424CA}.Release|Any CPU.Build.0 = Release|Any CPU
		{4341D86A-CFA6-428B-A069-B6110BC424CA}.Release|ARM.ActiveCfg = Release|Any CPU
		{4341D86A-CFA6-428B-A069-B6110BC424CA}.Release|ARM.Build.0 = Release|Any CPU
		{4341D86A-CFA6-428B-A069-B6110BC424CA}.Release|x64.ActiveCfg = Release|Any CPU
		{4341D86A-CFA6-428B-A069-B6110BC424CA}.Release|x64.Build.0 = Release|Any CPU
		{4341D86A-CFA6-428B-A069-B6110BC424CA}.Release|x86.ActiveCfg = Release|Any CPU
		{4341D86A-CFA6-428B-A069-B6110BC424CA}.Release|x86.Build.0 = Release|Any CPU
	EndGlobalSection
	GlobalSection(SolutionProperties) = preSolution
		HideSolutionNode = FALSE
	EndGlobalSection
EndGlobal
